
Microsoft Visual Studio Solution File, Format Version 12.00
# Visual Studio 15
VisualStudioVersion = 15.0.26430.16
MinimumVisualStudioVersion = 10.0.40219.1
Project("{FAE04EC0-301F-11D3-BF4B-00C04F79EFBC}") = "TestTaskShops.WEB", "TestTaskShops.WEB\TestTaskShops.WEB.csproj", "{EA53028B-20DB-48F3-8182-DF3B8477D030}"
EndProject
Project("{FAE04EC0-301F-11D3-BF4B-00C04F79EFBC}") = "TestTaskShops.DAL", "TestTaskShops.DAL\TestTaskShops.DAL.csproj", "{67DE0BD6-7982-4F35-9280-4AF57FA0C2C0}"
EndProject
Project("{FAE04EC0-301F-11D3-BF4B-00C04F79EFBC}") = "TestTaskShops.BLL", "TestTaskShops.BLL\TestTaskShops.BLL.csproj", "{C26BE84C-02EB-4A39-B1E1-500729BE1DDF}"
EndProject
Global
	GlobalSection(SolutionConfigurationPlatforms) = preSolution
		Debug|Any CPU = Debug|Any CPU
		Release|Any CPU = Release|Any CPU
	EndGlobalSection
	GlobalSection(ProjectConfigurationPlatforms) = postSolution
		{EA53028B-20DB-48F3-8182-DF3B8477D030}.Debug|Any CPU.ActiveCfg = Debug|Any CPU
		{EA53028B-20DB-48F3-8182-DF3B8477D030}.Debug|Any CPU.Build.0 = Debug|Any CPU
		{EA53028B-20DB-48F3-8182-DF3B8477D030}.Release|Any CPU.ActiveCfg = Release|Any CPU
		{EA53028B-20DB-48F3-8182-DF3B8477D030}.Release|Any CPU.Build.0 = Release|Any CPU
		{67DE0BD6-7982-4F35-9280-4AF57FA0C2C0}.Debug|Any CPU.ActiveCfg = Debug|Any CPU
		{67DE0BD6-7982-4F35-9280-4AF57FA0C2C0}.Debug|Any CPU.Build.0 = Debug|Any CPU
		{67DE0BD6-7982-4F35-9280-4AF57FA0C2C0}.Release|Any CPU.ActiveCfg = Release|Any CPU
		{67DE0BD6-7982-4F35-9280-4AF57FA0C2C0}.Release|Any CPU.Build.0 = Release|Any CPU
		{C26BE84C-02EB-4A39-B1E1-500729BE1DDF}.Debug|Any CPU.ActiveCfg = Debug|Any CPU
		{C26BE84C-02EB-4A39-B1E1-500729BE1DDF}.Debug|Any CPU.Build.0 = Debug|Any CPU
		{C26BE84C-02EB-4A39-B1E1-500729BE1DDF}.Release|Any CPU.ActiveCfg = Release|Any CPU
		{C26BE84C-02EB-4A39-B1E1-500729BE1DDF}.Release|Any CPU.Build.0 = Release|Any CPU
	EndGlobalSection
	GlobalSection(SolutionProperties) = preSolution
		HideSolutionNode = FALSE
	EndGlobalSection
EndGlobal
